
Microsoft Visual Studio Solution File, Format Version 12.00
# Visual Studio 15
VisualStudioVersion = 15.0.28010.2003
MinimumVisualStudioVersion = 10.0.40219.1
Project("{FAE04EC0-301F-11D3-BF4B-00C04F79EFBC}") = "Card-SOLID", "Card-SOLID\Card-SOLID.csproj", "{6B9C846A-9C0F-4A42-9F8B-53AD9E5B21EF}"
EndProject
Global
	GlobalSection(SolutionConfigurationPlatforms) = preSolution
		Debug|Any CPU = Debug|Any CPU
		Release|Any CPU = Release|Any CPU
	EndGlobalSection
	GlobalSection(ProjectConfigurationPlatforms) = postSolution
		{6B9C846A-9C0F-4A42-9F8B-53AD9E5B21EF}.Debug|Any CPU.ActiveCfg = Debug|Any CPU
		{6B9C846A-9C0F-4A42-9F8B-53AD9E5B21EF}.Debug|Any CPU.Build.0 = Debug|Any CPU
		{6B9C846A-9C0F-4A42-9F8B-53AD9E5B21EF}.Release|Any CPU.ActiveCfg = Release|Any CPU
		{6B9C846A-9C0F-4A42-9F8B-53AD9E5B21EF}.Release|Any CPU.Build.0 = Release|Any CPU
	EndGlobalSection
	GlobalSection(SolutionProperties) = preSolution
		HideSolutionNode = FALSE
	EndGlobalSection
	GlobalSection(ExtensibilityGlobals) = postSolution
		SolutionGuid = {F54BE528-EB01-4546-AE08-7FE9196832A7}
	EndGlobalSection
EndGlobal
